
Microsoft Visual Studio Solution File, Format Version 12.00
# Visual Studio Version 16
VisualStudioVersion = 16.0.31727.386
MinimumVisualStudioVersion = 10.0.40219.1
Project("{9A19103F-16F7-4668-BE54-9A1E7A4F7556}") = "ProjetoTeste.Server", "ProjetoTeste\Server\ProjetoTeste.Server.csproj", "{845EB82E-8ECA-407E-9AE3-80128BFA9A78}"
EndProject
Project("{9A19103F-16F7-4668-BE54-9A1E7A4F7556}") = "ProjetoTeste.Client", "ProjetoTeste\Client\ProjetoTeste.Client.csproj", "{0D67B2E5-5EAD-4B8A-8A12-59D1057C435F}"
EndProject
Project("{9A19103F-16F7-4668-BE54-9A1E7A4F7556}") = "ProjetoTeste.Shared", "ProjetoTeste\Shared\ProjetoTeste.Shared.csproj", "{6E351E8A-5898-442F-AE1F-3C556E6A0309}"
EndProject
Global
	GlobalSection(SolutionConfigurationPlatforms) = preSolution
		Debug|Any CPU = Debug|Any CPU
		Release|Any CPU = Release|Any CPU
	EndGlobalSection
	GlobalSection(ProjectConfigurationPlatforms) = postSolution
		{845EB82E-8ECA-407E-9AE3-80128BFA9A78}.Debug|Any CPU.ActiveCfg = Debug|Any CPU
		{845EB82E-8ECA-407E-9AE3-80128BFA9A78}.Debug|Any CPU.Build.0 = Debug|Any CPU
		{845EB82E-8ECA-407E-9AE3-80128BFA9A78}.Release|Any CPU.ActiveCfg = Release|Any CPU
		{845EB82E-8ECA-407E-9AE3-80128BFA9A78}.Release|Any CPU.Build.0 = Release|Any CPU
		{0D67B2E5-5EAD-4B8A-8A12-59D1057C435F}.Debug|Any CPU.ActiveCfg = Debug|Any CPU
		{0D67B2E5-5EAD-4B8A-8A12-59D1057C435F}.Debug|Any CPU.Build.0 = Debug|Any CPU
		{0D67B2E5-5EAD-4B8A-8A12-59D1057C435F}.Release|Any CPU.ActiveCfg = Release|Any CPU
		{0D67B2E5-5EAD-4B8A-8A12-59D1057C435F}.Release|Any CPU.Build.0 = Release|Any CPU
		{6E351E8A-5898-442F-AE1F-3C556E6A0309}.Debug|Any CPU.ActiveCfg = Debug|Any CPU
		{6E351E8A-5898-442F-AE1F-3C556E6A0309}.Debug|Any CPU.Build.0 = Debug|Any CPU
		{6E351E8A-5898-442F-AE1F-3C556E6A0309}.Release|Any CPU.ActiveCfg = Release|Any CPU
		{6E351E8A-5898-442F-AE1F-3C556E6A0309}.Release|Any CPU.Build.0 = Release|Any CPU
	EndGlobalSection
	GlobalSection(SolutionProperties) = preSolution
		HideSolutionNode = FALSE
	EndGlobalSection
	GlobalSection(ExtensibilityGlobals) = postSolution
		SolutionGuid = {EC088221-79A7-4D83-B81A-479F3AA25BD8}
	EndGlobalSection
EndGlobal
